// !$*UTF8*$!
{
	archiveVersion = 1;
	classes = {
	};
	objectVersion = 55;
	objects = {

/* Begin PBXBuildFile section */
		F460EE2D283F534A00AFB958 /* WeatherDemoApp.swift in Sources */ = {isa = PBXBuildFile; fileRef = F460EE2C283F534A00AFB958 /* WeatherDemoApp.swift */; };
		F460EE2F283F534A00AFB958 /* ContentView.swift in Sources */ = {isa = PBXBuildFile; fileRef = F460EE2E283F534A00AFB958 /* ContentView.swift */; };
		F460EE31283F534C00AFB958 /* Assets.xcassets in Resources */ = {isa = PBXBuildFile; fileRef = F460EE30283F534C00AFB958 /* Assets.xcassets */; };
		F460EE34283F534C00AFB958 /* Preview Assets.xcassets in Resources */ = {isa = PBXBuildFile; fileRef = F460EE33283F534C00AFB958 /* Preview Assets.xcassets */; };
		F460EE3C283F53AA00AFB958 /* LocationManager.swift in Sources */ = {isa = PBXBuildFile; fileRef = F460EE3B283F53AA00AFB958 /* LocationManager.swift */; };
		F460EE3F283F55F200AFB958 /* WelcomeView.swift in Sources */ = {isa = PBXBuildFile; fileRef = F460EE3E283F55F200AFB958 /* WelcomeView.swift */; };
		F460EE41283F5A6F00AFB958 /* LoadingView.swift in Sources */ = {isa = PBXBuildFile; fileRef = F460EE40283F5A6F00AFB958 /* LoadingView.swift */; };
		F460EE43283F5C5100AFB958 /* WeatherManager.swift in Sources */ = {isa = PBXBuildFile; fileRef = F460EE42283F5C5100AFB958 /* WeatherManager.swift */; };
		F460EE45283F624800AFB958 /* WeatherView.swift in Sources */ = {isa = PBXBuildFile; fileRef = F460EE44283F624800AFB958 /* WeatherView.swift */; };
		F460EE47283F62B700AFB958 /* ModelData.swift in Sources */ = {isa = PBXBuildFile; fileRef = F460EE46283F62B700AFB958 /* ModelData.swift */; };
		F460EE49283F630800AFB958 /* weatherData.json in Resources */ = {isa = PBXBuildFile; fileRef = F460EE48283F630700AFB958 /* weatherData.json */; };
		F460EE4B283F65FC00AFB958 /* Extensions.swift in Sources */ = {isa = PBXBuildFile; fileRef = F460EE4A283F65FC00AFB958 /* Extensions.swift */; };
		F460EE50283F702400AFB958 /* WeatherRow.swift in Sources */ = {isa = PBXBuildFile; fileRef = F460EE4F283F702400AFB958 /* WeatherRow.swift */; };
/* End PBXBuildFile section */

/* Begin PBXFileReference section */
		F460EE29283F534A00AFB958 /* WeatherDemo.app */ = {isa = PBXFileReference; explicitFileType = wrapper.application; includeInIndex = 0; path = WeatherDemo.app; sourceTree = BUILT_PRODUCTS_DIR; };
		F460EE2C283F534A00AFB958 /* WeatherDemoApp.swift */ = {isa = PBXFileReference; lastKnownFileType = sourcecode.swift; path = WeatherDemoApp.swift; sourceTree = "<group>"; };
		F460EE2E283F534A00AFB958 /* ContentView.swift */ = {isa = PBXFileReference; lastKnownFileType = sourcecode.swift; path = ContentView.swift; sourceTree = "<group>"; };
		F460EE30283F534C00AFB958 /* Assets.xcassets */ = {isa = PBXFileReference; lastKnownFileType = folder.assetcatalog; path = Assets.xcassets; sourceTree = "<group>"; };
		F460EE33283F534C00AFB958 /* Preview Assets.xcassets */ = {isa = PBXFileReference; lastKnownFileType = folder.assetcatalog; path = "Preview Assets.xcassets"; sourceTree = "<group>"; };
		F460EE3B283F53AA00AFB958 /* LocationManager.swift */ = {isa = PBXFileReference; lastKnownFileType = sourcecode.swift; path = LocationManager.swift; sourceTree = "<group>"; };
		F460EE3E283F55F200AFB958 /* WelcomeView.swift */ = {isa = PBXFileReference; lastKnownFileType = sourcecode.swift; path = WelcomeView.swift; sourceTree = "<group>"; };
		F460EE40283F5A6F00AFB958 /* LoadingView.swift */ = {isa = PBXFileReference; lastKnownFileType = sourcecode.swift; path = LoadingView.swift; sourceTree = "<group>"; };
		F460EE42283F5C5100AFB958 /* WeatherManager.swift */ = {isa = PBXFileReference; lastKnownFileType = sourcecode.swift; path = WeatherManager.swift; sourceTree = "<group>"; };
		F460EE44283F624800AFB958 /* WeatherView.swift */ = {isa = PBXFileReference; lastKnownFileType = sourcecode.swift; path = WeatherView.swift; sourceTree = "<group>"; };
		F460EE46283F62B700AFB958 /* ModelData.swift */ = {isa = PBXFileReference; lastKnownFileType = sourcecode.swift; path = ModelData.swift; sourceTree = "<group>"; };
		F460EE48283F630700AFB958 /* weatherData.json */ = {isa = PBXFileReference; lastKnownFileType = text.json; path = weatherData.json; sourceTree = "<group>"; };
		F460EE4A283F65FC00AFB958 /* Extensions.swift */ = {isa = PBXFileReference; lastKnownFileType = sourcecode.swift; path = Extensions.swift; sourceTree = "<group>"; };
		F460EE4F283F702400AFB958 /* WeatherRow.swift */ = {isa = PBXFileReference; lastKnownFileType = sourcecode.swift; path = WeatherRow.swift; sourceTree = "<group>"; };
/* End PBXFileReference section */

/* Begin PBXFrameworksBuildPhase section */
		F460EE26283F534A00AFB958 /* Frameworks */ = {
			isa = PBXFrameworksBuildPhase;
			buildActionMask = 2147483647;
			files = (
			);
			runOnlyForDeploymentPostprocessing = 0;
		};
/* End PBXFrameworksBuildPhase section */

/* Begin PBXGroup section */
		F460EE20283F534A00AFB958 = {
			isa = PBXGroup;
			children = (
				F460EE2B283F534A00AFB958 /* WeatherDemo */,
				F460EE2A283F534A00AFB958 /* Products */,
			);
			sourceTree = "<group>";
		};
		F460EE2A283F534A00AFB958 /* Products */ = {
			isa = PBXGroup;
			children = (
				F460EE29283F534A00AFB958 /* WeatherDemo.app */,
			);
			name = Products;
			sourceTree = "<group>";
		};
		F460EE2B283F534A00AFB958 /* WeatherDemo */ = {
			isa = PBXGroup;
			children = (
				F460EE4E283F700800AFB958 /* Components */,
				F460EE3D283F556800AFB958 /* Views */,
				F460EE3A283F539C00AFB958 /* Managers */,
				F460EE2C283F534A00AFB958 /* WeatherDemoApp.swift */,
				F460EE30283F534C00AFB958 /* Assets.xcassets */,
				F460EE32283F534C00AFB958 /* Preview Content */,
				F460EE4A283F65FC00AFB958 /* Extensions.swift */,
			);
			path = WeatherDemo;
			sourceTree = "<group>";
		};
		F460EE32283F534C00AFB958 /* Preview Content */ = {
			isa = PBXGroup;
			children = (
				F460EE33283F534C00AFB958 /* Preview Assets.xcassets */,
				F460EE46283F62B700AFB958 /* ModelData.swift */,
				F460EE48283F630700AFB958 /* weatherData.json */,
			);
			path = "Preview Content";
			sourceTree = "<group>";
		};
		F460EE3A283F539C00AFB958 /* Managers */ = {
			isa = PBXGroup;
			children = (
				F460EE3B283F53AA00AFB958 /* LocationManager.swift */,
				F460EE42283F5C5100AFB958 /* WeatherManager.swift */,
			);
			path = Managers;
			sourceTree = "<group>";
		};
		F460EE3D283F556800AFB958 /* Views */ = {
			isa = PBXGroup;
			children = (
				F460EE2E283F534A00AFB958 /* ContentView.swift */,
				F460EE44283F624800AFB958 /* WeatherView.swift */,
				F460EE40283F5A6F00AFB958 /* LoadingView.swift */,
				F460EE3E283F55F200AFB958 /* WelcomeView.swift */,
			);
			path = Views;
			sourceTree = "<group>";
		};
		F460EE4E283F700800AFB958 /* Components */ = {
			isa = PBXGroup;
			children = (
				F460EE4F283F702400AFB958 /* WeatherRow.swift */,
			);
			path = Components;
			sourceTree = "<group>";
		};
/* End PBXGroup section */

/* Begin PBXNativeTarget section */
		F460EE28283F534A00AFB958 /* WeatherDemo */ = {
			isa = PBXNativeTarget;
			buildConfigurationList = F460EE37283F534C00AFB958 /* Build configuration list for PBXNativeTarget "WeatherDemo" */;
			buildPhases = (
				F460EE25283F534A00AFB958 /* Sources */,
				F460EE26283F534A00AFB958 /* Frameworks */,
				F460EE27283F534A00AFB958 /* Resources */,
			);
			buildRules = (
			);
			dependencies = (
			);
			name = WeatherDemo;
			productName = WeatherDemo;
			productReference = F460EE29283F534A00AFB958 /* WeatherDemo.app */;
			productType = "com.apple.product-type.application";
		};
/* End PBXNativeTarget section */

/* Begin PBXProject section */
		F460EE21283F534A00AFB958 /* Project object */ = {
			isa = PBXProject;
			attributes = {
				BuildIndependentTargetsInParallel = 1;
				LastSwiftUpdateCheck = 1320;
				LastUpgradeCheck = 1320;
				TargetAttributes = {
					F460EE28283F534A00AFB958 = {
						CreatedOnToolsVersion = 13.2.1;
					};
				};
			};
			buildConfigurationList = F460EE24283F534A00AFB958 /* Build configuration list for PBXProject "WeatherDemo" */;
			compatibilityVersion = "Xcode 13.0";
			developmentRegion = en;
			hasScannedForEncodings = 0;
			knownRegions = (
				en,
				Base,
			);
			mainGroup = F460EE20283F534A00AFB958;
			productRefGroup = F460EE2A283F534A00AFB958 /* Products */;
			projectDirPath = "";
			projectRoot = "";
			targets = (
				F460EE28283F534A00AFB958 /* WeatherDemo */,
			);
		};
/* End PBXProject section */

/* Begin PBXResourcesBuildPhase section */
		F460EE27283F534A00AFB958 /* Resources */ = {
			isa = PBXResourcesBuildPhase;
			buildActionMask = 2147483647;
			files = (
				F460EE34283F534C00AFB958 /* Preview Assets.xcassets in Resources */,
				F460EE49283F630800AFB958 /* weatherData.json in Resources */,
				F460EE31283F534C00AFB958 /* Assets.xcassets in Resources */,
			);
			runOnlyForDeploymentPostprocessing = 0;
		};
/* End PBXResourcesBuildPhase section */

/* Begin PBXSourcesBuildPhase section */
		F460EE25283F534A00AFB958 /* Sources */ = {
			isa = PBXSourcesBuildPhase;
			buildActionMask = 2147483647;
			files = (
				F460EE43283F5C5100AFB958 /* WeatherManager.swift in Sources */,
				F460EE4B283F65FC00AFB958 /* Extensions.swift in Sources */,
				F460EE2F283F534A00AFB958 /* ContentView.swift in Sources */,
				F460EE2D283F534A00AFB958 /* WeatherDemoApp.swift in Sources */,
				F460EE3C283F53AA00AFB958 /* LocationManager.swift in Sources */,
				F460EE50283F702400AFB958 /* WeatherRow.swift in Sources */,
				F460EE41283F5A6F00AFB958 /* LoadingView.swift in Sources */,
				F460EE47283F62B700AFB958 /* ModelData.swift in Sources */,
				F460EE45283F624800AFB958 /* WeatherView.swift in Sources */,
				F460EE3F283F55F200AFB958 /* WelcomeView.swift in Sources */,
			);
			runOnlyForDeploymentPostprocessing = 0;
		};
/* End PBXSourcesBuildPhase section */

/* Begin XCBuildConfiguration section */
		F460EE35283F534C00AFB958 /* Debug */ = {
			isa = XCBuildConfiguration;
			buildSettings = {
				ALWAYS_SEARCH_USER_PATHS = NO;
				CLANG_ANALYZER_NONNULL = YES;
				CLANG_ANALYZER_NUMBER_OBJECT_CONVERSION = YES_AGGRESSIVE;
				CLANG_CXX_LANGUAGE_STANDARD = "gnu++17";
				CLANG_CXX_LIBRARY = "libc++";
				CLANG_ENABLE_MODULES = YES;
				CLANG_ENABLE_OBJC_ARC = YES;
				CLANG_ENABLE_OBJC_WEAK = YES;
				CLANG_WARN_BLOCK_CAPTURE_AUTORELEASING = YES;
				CLANG_WARN_BOOL_CONVERSION = YES;
				CLANG_WARN_COMMA = YES;
				CLANG_WARN_CONSTANT_CONVERSION = YES;
				CLANG_WARN_DEPRECATED_OBJC_IMPLEMENTATIONS = YES;
				CLANG_WARN_DIRECT_OBJC_ISA_USAGE = YES_ERROR;
				CLANG_WARN_DOCUMENTATION_COMMENTS = YES;
				CLANG_WARN_EMPTY_BODY = YES;
				CLANG_WARN_ENUM_CONVERSION = YES;
				CLANG_WARN_INFINITE_RECURSION = YES;
				CLANG_WARN_INT_CONVERSION = YES;
				CLANG_WARN_NON_LITERAL_NULL_CONVERSION = YES;
				CLANG_WARN_OBJC_IMPLICIT_RETAIN_SELF = YES;
				CLANG_WARN_OBJC_LITERAL_CONVERSION = YES;
				CLANG_WARN_OBJC_ROOT_CLASS = YES_ERROR;
				CLANG_WARN_QUOTED_INCLUDE_IN_FRAMEWORK_HEADER = YES;
				CLANG_WARN_RANGE_LOOP_ANALYSIS = YES;
				CLANG_WARN_STRICT_PROTOTYPES = YES;
				CLANG_WARN_SUSPICIOUS_MOVE = YES;
				CLANG_WARN_UNGUARDED_AVAILABILITY = YES_AGGRESSIVE;
				CLANG_WARN_UNREACHABLE_CODE = YES;
				CLANG_WARN__DUPLICATE_METHOD_MATCH = YES;
				COPY_PHASE_STRIP = NO;
				DEBUG_INFORMATION_FORMAT = dwarf;
				ENABLE_STRICT_OBJC_MSGSEND = YES;
				ENABLE_TESTABILITY = YES;
				GCC_C_LANGUAGE_STANDARD = gnu11;
				GCC_DYNAMIC_NO_PIC = NO;
				GCC_NO_COMMON_BLOCKS = YES;
				GCC_OPTIMIZATION_LEVEL = 0;
				GCC_PREPROCESSOR_DEFINITIONS = (
					"DEBUG=1",
					"$(inherited)",
				);
				GCC_WARN_64_TO_32_BIT_CONVERSION = YES;
				GCC_WARN_ABOUT_RETURN_TYPE = YES_ERROR;
				GCC_WARN_UNDECLARED_SELECTOR = YES;
				GCC_WARN_UNINITIALIZED_AUTOS = YES_AGGRESSIVE;
				GCC_WARN_UNUSED_FUNCTION = YES;
				GCC_WARN_UNUSED_VARIABLE = YES;
				IPHONEOS_DEPLOYMENT_TARGET = 15.2;
				MTL_ENABLE_DEBUG_INFO = INCLUDE_SOURCE;
				MTL_FAST_MATH = YES;
				ONLY_ACTIVE_ARCH = YES;
				SDKROOT = iphoneos;
				SWIFT_ACTIVE_COMPILATION_CONDITIONS = DEBUG;
				SWIFT_OPTIMIZATION_LEVEL = "-Onone";
			};
			name = Debug;
		};
		F460EE36283F534C00AFB958 /* Release */ = {
			isa = XCBuildConfiguration;
			buildSettings = {
				ALWAYS_SEARCH_USER_PATHS = NO;
				CLANG_ANALYZER_NONNULL = YES;
				CLANG_ANALYZER_NUMBER_OBJECT_CONVERSION = YES_AGGRESSIVE;
				CLANG_CXX_LANGUAGE_STANDARD = "gnu++17";
				CLANG_CXX_LIBRARY = "libc++";
				CLANG_ENABLE_MODULES = YES;
				CLANG_ENABLE_OBJC_ARC = YES;
				CLANG_ENABLE_OBJC_WEAK = YES;
				CLANG_WARN_BLOCK_CAPTURE_AUTORELEASING = YES;
				CLANG_WARN_BOOL_CONVERSION = YES;
				CLANG_WARN_COMMA = YES;
				CLANG_WARN_CONSTANT_CONVERSION = YES;
				CLANG_WARN_DEPRECATED_OBJC_IMPLEMENTATIONS = YES;
				CLANG_WARN_DIRECT_OBJC_ISA_USAGE = YES_ERROR;
				CLANG_WARN_DOCUMENTATION_COMMENTS = YES;
				CLANG_WARN_EMPTY_BODY = YES;
				CLANG_WARN_ENUM_CONVERSION = YES;
				CLANG_WARN_INFINITE_RECURSION = YES;
				CLANG_WARN_INT_CONVERSION = YES;
				CLANG_WARN_NON_LITERAL_NULL_CONVERSION = YES;
				CLANG_WARN_OBJC_IMPLICIT_RETAIN_SELF = YES;
				CLANG_WARN_OBJC_LITERAL_CONVERSION = YES;
				CLANG_WARN_OBJC_ROOT_CLASS = YES_ERROR;
				CLANG_WARN_QUOTED_INCLUDE_IN_FRAMEWORK_HEADER = YES;
				CLANG_WARN_RANGE_LOOP_ANALYSIS = YES;
				CLANG_WARN_STRICT_PROTOTYPES = YES;
				CLANG_WARN_SUSPICIOUS_MOVE = YES;
				CLANG_WARN_UNGUARDED_AVAILABILITY = YES_AGGRESSIVE;
				CLANG_WARN_UNREACHABLE_CODE = YES;
				CLANG_WARN__DUPLICATE_METHOD_MATCH = YES;
				COPY_PHASE_STRIP = NO;
				DEBUG_INFORMATION_FORMAT = "dwarf-with-dsym";
				ENABLE_NS_ASSERTIONS = NO;
				ENABLE_STRICT_OBJC_MSGSEND = YES;
				GCC_C_LANGUAGE_STANDARD = gnu11;
				GCC_NO_COMMON_BLOCKS = YES;
				GCC_WARN_64_TO_32_BIT_CONVERSION = YES;
				GCC_WARN_ABOUT_RETURN_TYPE = YES_ERROR;
				GCC_WARN_UNDECLARED_SELECTOR = YES;
				GCC_WARN_UNINITIALIZED_AUTOS = YES_AGGRESSIVE;
				GCC_WARN_UNUSED_FUNCTION = YES;
				GCC_WARN_UNUSED_VARIABLE = YES;
				IPHONEOS_DEPLOYMENT_TARGET = 15.2;
				MTL_ENABLE_DEBUG_INFO = NO;
				MTL_FAST_MATH = YES;
				SDKROOT = iphoneos;
				SWIFT_COMPILATION_MODE = wholemodule;
				SWIFT_OPTIMIZATION_LEVEL = "-O";
				VALIDATE_PRODUCT = YES;
			};
			name = Release;
		};
		F460EE38283F534C00AFB958 /* Debug */ = {
			isa = XCBuildConfiguration;
			buildSettings = {
				ASSETCATALOG_COMPILER_APPICON_NAME = AppIcon;
				ASSETCATALOG_COMPILER_GLOBAL_ACCENT_COLOR_NAME = AccentColor;
				CODE_SIGN_STYLE = Automatic;
				CURRENT_PROJECT_VERSION = 1;
				DEVELOPMENT_ASSET_PATHS = "\"WeatherDemo/Preview Content\"";
				ENABLE_PREVIEWS = YES;
				GENERATE_INFOPLIST_FILE = YES;
				INFOPLIST_KEY_UIApplicationSceneManifest_Generation = YES;
				INFOPLIST_KEY_UIApplicationSupportsIndirectInputEvents = YES;
				INFOPLIST_KEY_UILaunchScreen_Generation = YES;
				INFOPLIST_KEY_UISupportedInterfaceOrientations_iPad = "UIInterfaceOrientationPortrait UIInterfaceOrientationPortraitUpsideDown UIInterfaceOrientationLandscapeLeft UIInterfaceOrientationLandscapeRight";
				INFOPLIST_KEY_UISupportedInterfaceOrientations_iPhone = "UIInterfaceOrientationPortrait UIInterfaceOrientationLandscapeLeft UIInterfaceOrientationLandscapeRight";
				LD_RUNPATH_SEARCH_PATHS = (
					"$(inherited)",
					"@executable_path/Frameworks",
				);
				MARKETING_VERSION = 1.0;
				PRODUCT_BUNDLE_IDENTIFIER = apptest.WeatherDemo;
				PRODUCT_NAME = "$(TARGET_NAME)";
				SWIFT_EMIT_LOC_STRINGS = YES;
				SWIFT_VERSION = 5.0;
				TARGETED_DEVICE_FAMILY = "1,2";
			};
			name = Debug;
		};
		F460EE39283F534C00AFB958 /* Release */ = {
			isa = XCBuildConfiguration;
			buildSettings = {
				ASSETCATALOG_COMPILER_APPICON_NAME = AppIcon;
				ASSETCATALOG_COMPILER_GLOBAL_ACCENT_COLOR_NAME = AccentColor;
				CODE_SIGN_STYLE = Automatic;
				CURRENT_PROJECT_VERSION = 1;
				DEVELOPMENT_ASSET_PATHS = "\"WeatherDemo/Preview Content\"";
				ENABLE_PREVIEWS = YES;
				GENERATE_INFOPLIST_FILE = YES;
				INFOPLIST_KEY_UIApplicationSceneManifest_Generation = YES;
				INFOPLIST_KEY_UIApplicationSupportsIndirectInputEvents = YES;
				INFOPLIST_KEY_UILaunchScreen_Generation = YES;
				INFOPLIST_KEY_UISupportedInterfaceOrientations_iPad = "UIInterfaceOrientationPortrait UIInterfaceOrientationPortraitUpsideDown UIInterfaceOrientationLandscapeLeft UIInterfaceOrientationLandscapeRight";
				INFOPLIST_KEY_UISupportedInterfaceOrientations_iPhone = "UIInterfaceOrientationPortrait UIInterfaceOrientationLandscapeLeft UIInterfaceOrientationLandscapeRight";
				LD_RUNPATH_SEARCH_PATHS = (
					"$(inherited)",
					"@executable_path/Frameworks",
				);
				MARKETING_VERSION = 1.0;
				PRODUCT_BUNDLE_IDENTIFIER = apptest.WeatherDemo;
				PRODUCT_NAME = "$(TARGET_NAME)";
				SWIFT_EMIT_LOC_STRINGS = YES;
				SWIFT_VERSION = 5.0;
				TARGETED_DEVICE_FAMILY = "1,2";
			};
			name = Release;
		};
/* End XCBuildConfiguration section */

/* Begin XCConfigurationList section */
		F460EE24283F534A00AFB958 /* Build configuration list for PBXProject "WeatherDemo" */ = {
			isa = XCConfigurationList;
			buildConfigurations = (
				F460EE35283F534C00AFB958 /* Debug */,
				F460EE36283F534C00AFB958 /* Release */,
			);
			defaultConfigurationIsVisible = 0;
			defaultConfigurationName = Release;
		};
		F460EE37283F534C00AFB958 /* Build configuration list for PBXNativeTarget "WeatherDemo" */ = {
			isa = XCConfigurationList;
			buildConfigurations = (
				F460EE38283F534C00AFB958 /* Debug */,
				F460EE39283F534C00AFB958 /* Release */,
			);
			defaultConfigurationIsVisible = 0;
			defaultConfigurationName = Release;
		};
/* End XCConfigurationList section */
	};
	rootObject = F460EE21283F534A00AFB958 /* Project object */;
}
